
Microsoft Visual Studio Solution File, Format Version 12.00
# Visual Studio Version 17
VisualStudioVersion = 17.10.34916.146
MinimumVisualStudioVersion = 10.0.40219.1
Project("{FAE04EC0-301F-11D3-BF4B-00C04F79EFBC}") = "MVVMApp", "MVVMApp\MVVMApp.csproj", "{9233EE03-6470-456D-917F-4E298F20D4CC}"
EndProject
Global
	GlobalSection(SolutionConfigurationPlatforms) = preSolution
		Debug|Any CPU = Debug|Any CPU
		Release|Any CPU = Release|Any CPU
	EndGlobalSection
	GlobalSection(ProjectConfigurationPlatforms) = postSolution
		{9233EE03-6470-456D-917F-4E298F20D4CC}.Debug|Any CPU.ActiveCfg = Debug|Any CPU
		{9233EE03-6470-456D-917F-4E298F20D4CC}.Debug|Any CPU.Build.0 = Debug|Any CPU
		{9233EE03-6470-456D-917F-4E298F20D4CC}.Release|Any CPU.ActiveCfg = Release|Any CPU
		{9233EE03-6470-456D-917F-4E298F20D4CC}.Release|Any CPU.Build.0 = Release|Any CPU
	EndGlobalSection
	GlobalSection(SolutionProperties) = preSolution
		HideSolutionNode = FALSE
	EndGlobalSection
	GlobalSection(ExtensibilityGlobals) = postSolution
		SolutionGuid = {BC869DDE-0C11-4902-A921-F31119D76CF5}
	EndGlobalSection
EndGlobal
